
Microsoft Visual Studio Solution File, Format Version 12.00
# Visual Studio Version 16
VisualStudioVersion = 16.0.29613.14
MinimumVisualStudioVersion = 10.0.40219.1
Project("{FAE04EC0-301F-11D3-BF4B-00C04F79EFBC}") = "proyectoredes-ii", "proyectoredes-ii.csproj", "{2E15E23E-7AAC-4BA9-A131-0173646F0F71}"
EndProject
Global
	GlobalSection(SolutionConfigurationPlatforms) = preSolution
		Debug|Any CPU = Debug|Any CPU
		Release|Any CPU = Release|Any CPU
	EndGlobalSection
	GlobalSection(ProjectConfigurationPlatforms) = postSolution
		{2E15E23E-7AAC-4BA9-A131-0173646F0F71}.Debug|Any CPU.ActiveCfg = Debug|Any CPU
		{2E15E23E-7AAC-4BA9-A131-0173646F0F71}.Debug|Any CPU.Build.0 = Debug|Any CPU
		{2E15E23E-7AAC-4BA9-A131-0173646F0F71}.Release|Any CPU.ActiveCfg = Release|Any CPU
		{2E15E23E-7AAC-4BA9-A131-0173646F0F71}.Release|Any CPU.Build.0 = Release|Any CPU
	EndGlobalSection
	GlobalSection(SolutionProperties) = preSolution
		HideSolutionNode = FALSE
	EndGlobalSection
	GlobalSection(ExtensibilityGlobals) = postSolution
		SolutionGuid = {F877D4C1-E6BD-4F7F-9204-9C9446745861}
	EndGlobalSection
EndGlobal
